
Microsoft Visual Studio Solution File, Format Version 12.00
# Visual Studio Version 16
VisualStudioVersion = 16.0.30503.244
MinimumVisualStudioVersion = 10.0.40219.1
Project("{FAE04EC0-301F-11D3-BF4B-00C04F79EFBC}") = "GrpcClientWebApplication", "GrpcClientWebApplication\GrpcClientWebApplication.csproj", "{AAF5913C-0BC2-4DD9-9622-B5F40DB7A3AB}"
EndProject
Global
	GlobalSection(SolutionConfigurationPlatforms) = preSolution
		Debug|Any CPU = Debug|Any CPU
		Release|Any CPU = Release|Any CPU
	EndGlobalSection
	GlobalSection(ProjectConfigurationPlatforms) = postSolution
		{AAF5913C-0BC2-4DD9-9622-B5F40DB7A3AB}.Debug|Any CPU.ActiveCfg = Debug|Any CPU
		{AAF5913C-0BC2-4DD9-9622-B5F40DB7A3AB}.Debug|Any CPU.Build.0 = Debug|Any CPU
		{AAF5913C-0BC2-4DD9-9622-B5F40DB7A3AB}.Release|Any CPU.ActiveCfg = Release|Any CPU
		{AAF5913C-0BC2-4DD9-9622-B5F40DB7A3AB}.Release|Any CPU.Build.0 = Release|Any CPU
	EndGlobalSection
	GlobalSection(SolutionProperties) = preSolution
		HideSolutionNode = FALSE
	EndGlobalSection
	GlobalSection(ExtensibilityGlobals) = postSolution
		SolutionGuid = {74900467-473C-4DE1-B0B5-45294D6D5FB6}
	EndGlobalSection
EndGlobal
